# This file is automatically @generated by Cargo.
# It is not intended for manual editing.
version = 3

[[package]]
name = "octa-build"
version = "0.1.0"
dependencies = [
 "octa-lex",
 "octa-parse",
]

[[package]]
name = "octa-lang"
version = "0.1.0"

[[package]]
name = "octa-lex"
version = "0.1.0"

[[package]]
name = "octa-parse"
version = "0.1.0"
dependencies = [
 "octa-lex",
]

[[package]]
name = "octa-vm"
version = "0.1.0"
dependencies = [
 "octa-build",
]
